hash: bb8a22ab446ce80d27f8c8ac3cb22211e284fdf7a3f00946efce2721ac599074
updated: 2017-02-08T00:25:23.896072056-02:00
imports:
- name: cloud.google.com/go
  version: ce650573d812270c64426f3df9fd220324d24b2f
  subpackages:
  - compute/metadata
  - internal
- name: github.com/ahmetalpbalkan/go-linq
  version: 7e71c124c1f903df09ca08678f145f68b45d125e
- name: github.com/golang/protobuf
  version: 8ee79997227bf9b34611aee7946ae64735e6fd93
  subpackages:
  - proto
- name: github.com/googleapis/gax-go
  version: da06d194a00e19ce00d9011a13931c3f6f6887c7
- name: github.com/pressly/chi
  version: 54f435d539226571eab1987ed862b1c0fdfdc892
  subpackages:
  - middleware
  - render
- name: golang.org/x/net
  version: 41bba8d80bbfab43231ffdf4c210037baae5f6a3
  subpackages:
  - context
  - context/ctxhttp
  - http2
  - http2/hpack
  - idna
  - internal/timeseries
  - lex/httplex
  - trace
- name: golang.org/x/oauth2
  version: 314dd2c0bf3ebd592ec0d20847d27e79d0dbe8dd
  subpackages:
  - google
  - internal
  - jws
  - jwt
- name: google.golang.org/appengine
  version: 8758a385849434ba5eac8aeedcf5192c5a0f5f10
  subpackages:
  - internal
  - internal/app_identity
  - internal/base
  - internal/datastore
  - internal/log
  - internal/modules
  - internal/remote_api
  - internal/urlfetch
  - urlfetch
- name: google.golang.org/grpc
  version: 2a6bf6142e96942e4fb9c0dfb157ee5d3cecafaa
  subpackages:
  - codes
  - credentials
  - grpclog
  - internal
  - metadata
  - naming
  - peer
  - stats
  - tap
  - transport
- name: gopkg.in/Iwark/spreadsheet.v2
  version: 1cda5e4ed647f93ea4ce4e9053bf6c3b1c1bd7dd
testImports: []
